# This file is automatically @generated by Cargo.
# It is not intended for manual editing.
version = 4

[[package]]
name = "github-personal-stats"
version = "0.1.0"
dependencies = [
 "github-personal-stats-core",
]

[[package]]
name = "github-personal-stats-core"
version = "0.1.0"

[[package]]
name = "github-personal-stats-server"
version = "0.1.0"
dependencies = [
 "github-personal-stats-core",
]
