# This file is automatically @generated by Cargo.
# It is not intended for manual editing.
version = 4

[[package]]
name = "github-stats"
version = "0.1.0"
dependencies = [
 "github-stats-core",
]

[[package]]
name = "github-stats-core"
version = "0.1.0"

[[package]]
name = "github-stats-server"
version = "0.1.0"
dependencies = [
 "github-stats-core",
]
